
Microsoft Visual Studio Solution File, Format Version 12.00
# Visual Studio Version 17
VisualStudioVersion = 17.2.32526.322
MinimumVisualStudioVersion = 10.0.40219.1
Project("{FAE04EC0-301F-11D3-BF4B-00C04F79EFBC}") = "BookPagination", "BookPagination.csproj", "{14D32010-4778-46FB-85CF-34F1E14CFB7A}"
EndProject
Global
	GlobalSection(SolutionConfigurationPlatforms) = preSolution
		Debug|Any CPU = Debug|Any CPU
		Release|Any CPU = Release|Any CPU
	EndGlobalSection
	GlobalSection(ProjectConfigurationPlatforms) = postSolution
		{14D32010-4778-46FB-85CF-34F1E14CFB7A}.Debug|Any CPU.ActiveCfg = Debug|Any CPU
		{14D32010-4778-46FB-85CF-34F1E14CFB7A}.Debug|Any CPU.Build.0 = Debug|Any CPU
		{14D32010-4778-46FB-85CF-34F1E14CFB7A}.Release|Any CPU.ActiveCfg = Release|Any CPU
		{14D32010-4778-46FB-85CF-34F1E14CFB7A}.Release|Any CPU.Build.0 = Release|Any CPU
	EndGlobalSection
	GlobalSection(SolutionProperties) = preSolution
		HideSolutionNode = FALSE
	EndGlobalSection
	GlobalSection(ExtensibilityGlobals) = postSolution
		SolutionGuid = {15904EAD-BA2F-43DB-84DE-AAECC7AE3BD9}
	EndGlobalSection
EndGlobal
